// !$*UTF8*$!
{
	archiveVersion = 1;
	classes = {
	};
	objectVersion = 56;
	objects = {

/* Begin PBXBuildFile section */
		B147C12B2922F3FE005F22EA /* ComposableArchitecture in Frameworks */ = {isa = PBXBuildFile; productRef = B147C12A2922F3FE005F22EA /* ComposableArchitecture */; };
		B147C12D2922F3FE005F22EA /* Dependencies in Frameworks */ = {isa = PBXBuildFile; productRef = B147C12C2922F3FE005F22EA /* Dependencies */; };
		B147C1302922F438005F22EA /* FeatureAnalytics in Frameworks */ = {isa = PBXBuildFile; productRef = B147C12F2922F438005F22EA /* FeatureAnalytics */; };
		B19B7F8F2922E78E0020AAC2 /* AnalyticsClientApp.swift in Sources */ = {isa = PBXBuildFile; fileRef = B19B7F8E2922E78E0020AAC2 /* AnalyticsClientApp.swift */; };
		B19B7F912922E78E0020AAC2 /* ContentView.swift in Sources */ = {isa = PBXBuildFile; fileRef = B19B7F902922E78E0020AAC2 /* ContentView.swift */; };
		B19B7F932922E78F0020AAC2 /* Assets.xcassets in Resources */ = {isa = PBXBuildFile; fileRef = B19B7F922922E78F0020AAC2 /* Assets.xcassets */; };
		B19B7F972922E78F0020AAC2 /* Preview Assets.xcassets in Resources */ = {isa = PBXBuildFile; fileRef = B19B7F962922E78F0020AAC2 /* Preview Assets.xcassets */; };
		B19B7FA12922E78F0020AAC2 /* AnalyticsClientTests.swift in Sources */ = {isa = PBXBuildFile; fileRef = B19B7FA02922E78F0020AAC2 /* AnalyticsClientTests.swift */; };
		B19B7FAB2922E78F0020AAC2 /* AnalyticsClientUITests.swift in Sources */ = {isa = PBXBuildFile; fileRef = B19B7FAA2922E78F0020AAC2 /* AnalyticsClientUITests.swift */; };
		B19B7FAD2922E78F0020AAC2 /* AnalyticsClientUITestsLaunchTests.swift in Sources */ = {isa = PBXBuildFile; fileRef = B19B7FAC2922E78F0020AAC2 /* AnalyticsClientUITestsLaunchTests.swift */; };
/* End PBXBuildFile section */

/* Begin PBXContainerItemProxy section */
		B19B7F9D2922E78F0020AAC2 /* PBXContainerItemProxy */ = {
			isa = PBXContainerItemProxy;
			containerPortal = B19B7F832922E78E0020AAC2 /* Project object */;
			proxyType = 1;
			remoteGlobalIDString = B19B7F8A2922E78E0020AAC2;
			remoteInfo = AnalyticsClient;
		};
		B19B7FA72922E78F0020AAC2 /* PBXContainerItemProxy */ = {
			isa = PBXContainerItemProxy;
			containerPortal = B19B7F832922E78E0020AAC2 /* Project object */;
			proxyType = 1;
			remoteGlobalIDString = B19B7F8A2922E78E0020AAC2;
			remoteInfo = AnalyticsClient;
		};
/* End PBXContainerItemProxy section */

/* Begin PBXFileReference section */
		B147C1282922F392005F22EA /* FeatureAnalytics */ = {isa = PBXFileReference; lastKnownFileType = wrapper; name = FeatureAnalytics; path = Packages/FeatureAnalytics; sourceTree = "<group>"; };
		B19B7F8B2922E78E0020AAC2 /* AnalyticsClient.app */ = {isa = PBXFileReference; explicitFileType = wrapper.application; includeInIndex = 0; path = AnalyticsClient.app; sourceTree = BUILT_PRODUCTS_DIR; };
		B19B7F8E2922E78E0020AAC2 /* AnalyticsClientApp.swift */ = {isa = PBXFileReference; lastKnownFileType = sourcecode.swift; path = AnalyticsClientApp.swift; sourceTree = "<group>"; };
		B19B7F902922E78E0020AAC2 /* ContentView.swift */ = {isa = PBXFileReference; lastKnownFileType = sourcecode.swift; path = ContentView.swift; sourceTree = "<group>"; };
		B19B7F922922E78F0020AAC2 /* Assets.xcassets */ = {isa = PBXFileReference; lastKnownFileType = folder.assetcatalog; path = Assets.xcassets; sourceTree = "<group>"; };
		B19B7F942922E78F0020AAC2 /* AnalyticsClient.entitlements */ = {isa = PBXFileReference; lastKnownFileType = text.plist.entitlements; path = AnalyticsClient.entitlements; sourceTree = "<group>"; };
		B19B7F962922E78F0020AAC2 /* Preview Assets.xcassets */ = {isa = PBXFileReference; lastKnownFileType = folder.assetcatalog; path = "Preview Assets.xcassets"; sourceTree = "<group>"; };
		B19B7F9C2922E78F0020AAC2 /* AnalyticsClientTests.xctest */ = {isa = PBXFileReference; explicitFileType = wrapper.cfbundle; includeInIndex = 0; path = AnalyticsClientTests.xctest; sourceTree = BUILT_PRODUCTS_DIR; };
		B19B7FA02922E78F0020AAC2 /* AnalyticsClientTests.swift */ = {isa = PBXFileReference; lastKnownFileType = sourcecode.swift; path = AnalyticsClientTests.swift; sourceTree = "<group>"; };
		B19B7FA62922E78F0020AAC2 /* AnalyticsClientUITests.xctest */ = {isa = PBXFileReference; explicitFileType = wrapper.cfbundle; includeInIndex = 0; path = AnalyticsClientUITests.xctest; sourceTree = BUILT_PRODUCTS_DIR; };
		B19B7FAA2922E78F0020AAC2 /* AnalyticsClientUITests.swift */ = {isa = PBXFileReference; lastKnownFileType = sourcecode.swift; path = AnalyticsClientUITests.swift; sourceTree = "<group>"; };
		B19B7FAC2922E78F0020AAC2 /* AnalyticsClientUITestsLaunchTests.swift */ = {isa = PBXFileReference; lastKnownFileType = sourcecode.swift; path = AnalyticsClientUITestsLaunchTests.swift; sourceTree = "<group>"; };
/* End PBXFileReference section */

/* Begin PBXFrameworksBuildPhase section */
		B19B7F882922E78E0020AAC2 /* Frameworks */ = {
			isa = PBXFrameworksBuildPhase;
			buildActionMask = 2147483647;
			files = (
				B147C12B2922F3FE005F22EA /* ComposableArchitecture in Frameworks */,
				B147C1302922F438005F22EA /* FeatureAnalytics in Frameworks */,
				B147C12D2922F3FE005F22EA /* Dependencies in Frameworks */,
			);
			runOnlyForDeploymentPostprocessing = 0;
		};
		B19B7F992922E78F0020AAC2 /* Frameworks */ = {
			isa = PBXFrameworksBuildPhase;
			buildActionMask = 2147483647;
			files = (
			);
			runOnlyForDeploymentPostprocessing = 0;
		};
		B19B7FA32922E78F0020AAC2 /* Frameworks */ = {
			isa = PBXFrameworksBuildPhase;
			buildActionMask = 2147483647;
			files = (
			);
			runOnlyForDeploymentPostprocessing = 0;
		};
/* End PBXFrameworksBuildPhase section */

/* Begin PBXGroup section */
		B147C1272922F392005F22EA /* Packages */ = {
			isa = PBXGroup;
			children = (
				B147C1282922F392005F22EA /* FeatureAnalytics */,
			);
			name = Packages;
			sourceTree = "<group>";
		};
		B147C12E2922F438005F22EA /* Frameworks */ = {
			isa = PBXGroup;
			children = (
			);
			name = Frameworks;
			sourceTree = "<group>";
		};
		B19B7F822922E78E0020AAC2 = {
			isa = PBXGroup;
			children = (
				B147C1272922F392005F22EA /* Packages */,
				B19B7F8D2922E78E0020AAC2 /* AnalyticsClient */,
				B19B7F9F2922E78F0020AAC2 /* AnalyticsClientTests */,
				B19B7FA92922E78F0020AAC2 /* AnalyticsClientUITests */,
				B19B7F8C2922E78E0020AAC2 /* Products */,
				B147C12E2922F438005F22EA /* Frameworks */,
			);
			sourceTree = "<group>";
		};
		B19B7F8C2922E78E0020AAC2 /* Products */ = {
			isa = PBXGroup;
			children = (
				B19B7F8B2922E78E0020AAC2 /* AnalyticsClient.app */,
				B19B7F9C2922E78F0020AAC2 /* AnalyticsClientTests.xctest */,
				B19B7FA62922E78F0020AAC2 /* AnalyticsClientUITests.xctest */,
			);
			name = Products;
			sourceTree = "<group>";
		};
		B19B7F8D2922E78E0020AAC2 /* AnalyticsClient */ = {
			isa = PBXGroup;
			children = (
				B19B7F8E2922E78E0020AAC2 /* AnalyticsClientApp.swift */,
				B19B7F902922E78E0020AAC2 /* ContentView.swift */,
				B19B7F922922E78F0020AAC2 /* Assets.xcassets */,
				B19B7F942922E78F0020AAC2 /* AnalyticsClient.entitlements */,
				B19B7F952922E78F0020AAC2 /* Preview Content */,
			);
			path = AnalyticsClient;
			sourceTree = "<group>";
		};
		B19B7F952922E78F0020AAC2 /* Preview Content */ = {
			isa = PBXGroup;
			children = (
				B19B7F962922E78F0020AAC2 /* Preview Assets.xcassets */,
			);
			path = "Preview Content";
			sourceTree = "<group>";
		};
		B19B7F9F2922E78F0020AAC2 /* AnalyticsClientTests */ = {
			isa = PBXGroup;
			children = (
				B19B7FA02922E78F0020AAC2 /* AnalyticsClientTests.swift */,
			);
			path = AnalyticsClientTests;
			sourceTree = "<group>";
		};
		B19B7FA92922E78F0020AAC2 /* AnalyticsClientUITests */ = {
			isa = PBXGroup;
			children = (
				B19B7FAA2922E78F0020AAC2 /* AnalyticsClientUITests.swift */,
				B19B7FAC2922E78F0020AAC2 /* AnalyticsClientUITestsLaunchTests.swift */,
			);
			path = AnalyticsClientUITests;
			sourceTree = "<group>";
		};
/* End PBXGroup section */

/* Begin PBXNativeTarget section */
		B19B7F8A2922E78E0020AAC2 /* AnalyticsClient */ = {
			isa = PBXNativeTarget;
			buildConfigurationList = B19B7FB02922E78F0020AAC2 /* Build configuration list for PBXNativeTarget "AnalyticsClient" */;
			buildPhases = (
				B19B7F872922E78E0020AAC2 /* Sources */,
				B19B7F882922E78E0020AAC2 /* Frameworks */,
				B19B7F892922E78E0020AAC2 /* Resources */,
			);
			buildRules = (
			);
			dependencies = (
			);
			name = AnalyticsClient;
			packageProductDependencies = (
				B147C12A2922F3FE005F22EA /* ComposableArchitecture */,
				B147C12C2922F3FE005F22EA /* Dependencies */,
				B147C12F2922F438005F22EA /* FeatureAnalytics */,
			);
			productName = AnalyticsClient;
			productReference = B19B7F8B2922E78E0020AAC2 /* AnalyticsClient.app */;
			productType = "com.apple.product-type.application";
		};
		B19B7F9B2922E78F0020AAC2 /* AnalyticsClientTests */ = {
			isa = PBXNativeTarget;
			buildConfigurationList = B19B7FB32922E78F0020AAC2 /* Build configuration list for PBXNativeTarget "AnalyticsClientTests" */;
			buildPhases = (
				B19B7F982922E78F0020AAC2 /* Sources */,
				B19B7F992922E78F0020AAC2 /* Frameworks */,
				B19B7F9A2922E78F0020AAC2 /* Resources */,
			);
			buildRules = (
			);
			dependencies = (
				B19B7F9E2922E78F0020AAC2 /* PBXTargetDependency */,
			);
			name = AnalyticsClientTests;
			productName = AnalyticsClientTests;
			productReference = B19B7F9C2922E78F0020AAC2 /* AnalyticsClientTests.xctest */;
			productType = "com.apple.product-type.bundle.unit-test";
		};
		B19B7FA52922E78F0020AAC2 /* AnalyticsClientUITests */ = {
			isa = PBXNativeTarget;
			buildConfigurationList = B19B7FB62922E78F0020AAC2 /* Build configuration list for PBXNativeTarget "AnalyticsClientUITests" */;
			buildPhases = (
				B19B7FA22922E78F0020AAC2 /* Sources */,
				B19B7FA32922E78F0020AAC2 /* Frameworks */,
				B19B7FA42922E78F0020AAC2 /* Resources */,
			);
			buildRules = (
			);
			dependencies = (
				B19B7FA82922E78F0020AAC2 /* PBXTargetDependency */,
			);
			name = AnalyticsClientUITests;
			productName = AnalyticsClientUITests;
			productReference = B19B7FA62922E78F0020AAC2 /* AnalyticsClientUITests.xctest */;
			productType = "com.apple.product-type.bundle.ui-testing";
		};
/* End PBXNativeTarget section */

/* Begin PBXProject section */
		B19B7F832922E78E0020AAC2 /* Project object */ = {
			isa = PBXProject;
			attributes = {
				BuildIndependentTargetsInParallel = 1;
				LastSwiftUpdateCheck = 1410;
				LastUpgradeCheck = 1410;
				TargetAttributes = {
					B19B7F8A2922E78E0020AAC2 = {
						CreatedOnToolsVersion = 14.1;
					};
					B19B7F9B2922E78F0020AAC2 = {
						CreatedOnToolsVersion = 14.1;
						TestTargetID = B19B7F8A2922E78E0020AAC2;
					};
					B19B7FA52922E78F0020AAC2 = {
						CreatedOnToolsVersion = 14.1;
						TestTargetID = B19B7F8A2922E78E0020AAC2;
					};
				};
			};
			buildConfigurationList = B19B7F862922E78E0020AAC2 /* Build configuration list for PBXProject "AnalyticsClient" */;
			compatibilityVersion = "Xcode 14.0";
			developmentRegion = en;
			hasScannedForEncodings = 0;
			knownRegions = (
				en,
				Base,
			);
			mainGroup = B19B7F822922E78E0020AAC2;
			packageReferences = (
				B147C1292922F3FE005F22EA /* XCRemoteSwiftPackageReference "swift-composable-architecture" */,
			);
			productRefGroup = B19B7F8C2922E78E0020AAC2 /* Products */;
			projectDirPath = "";
			projectRoot = "";
			targets = (
				B19B7F8A2922E78E0020AAC2 /* AnalyticsClient */,
				B19B7F9B2922E78F0020AAC2 /* AnalyticsClientTests */,
				B19B7FA52922E78F0020AAC2 /* AnalyticsClientUITests */,
			);
		};
/* End PBXProject section */

/* Begin PBXResourcesBuildPhase section */
		B19B7F892922E78E0020AAC2 /* Resources */ = {
			isa = PBXResourcesBuildPhase;
			buildActionMask = 2147483647;
			files = (
				B19B7F972922E78F0020AAC2 /* Preview Assets.xcassets in Resources */,
				B19B7F932922E78F0020AAC2 /* Assets.xcassets in Resources */,
			);
			runOnlyForDeploymentPostprocessing = 0;
		};
		B19B7F9A2922E78F0020AAC2 /* Resources */ = {
			isa = PBXResourcesBuildPhase;
			buildActionMask = 2147483647;
			files = (
			);
			runOnlyForDeploymentPostprocessing = 0;
		};
		B19B7FA42922E78F0020AAC2 /* Resources */ = {
			isa = PBXResourcesBuildPhase;
			buildActionMask = 2147483647;
			files = (
			);
			runOnlyForDeploymentPostprocessing = 0;
		};
/* End PBXResourcesBuildPhase section */

/* Begin PBXSourcesBuildPhase section */
		B19B7F872922E78E0020AAC2 /* Sources */ = {
			isa = PBXSourcesBuildPhase;
			buildActionMask = 2147483647;
			files = (
				B19B7F912922E78E0020AAC2 /* ContentView.swift in Sources */,
				B19B7F8F2922E78E0020AAC2 /* AnalyticsClientApp.swift in Sources */,
			);
			runOnlyForDeploymentPostprocessing = 0;
		};
		B19B7F982922E78F0020AAC2 /* Sources */ = {
			isa = PBXSourcesBuildPhase;
			buildActionMask = 2147483647;
			files = (
				B19B7FA12922E78F0020AAC2 /* AnalyticsClientTests.swift in Sources */,
			);
			runOnlyForDeploymentPostprocessing = 0;
		};
		B19B7FA22922E78F0020AAC2 /* Sources */ = {
			isa = PBXSourcesBuildPhase;
			buildActionMask = 2147483647;
			files = (
				B19B7FAD2922E78F0020AAC2 /* AnalyticsClientUITestsLaunchTests.swift in Sources */,
				B19B7FAB2922E78F0020AAC2 /* AnalyticsClientUITests.swift in Sources */,
			);
			runOnlyForDeploymentPostprocessing = 0;
		};
/* End PBXSourcesBuildPhase section */

/* Begin PBXTargetDependency section */
		B19B7F9E2922E78F0020AAC2 /* PBXTargetDependency */ = {
			isa = PBXTargetDependency;
			target = B19B7F8A2922E78E0020AAC2 /* AnalyticsClient */;
			targetProxy = B19B7F9D2922E78F0020AAC2 /* PBXContainerItemProxy */;
		};
		B19B7FA82922E78F0020AAC2 /* PBXTargetDependency */ = {
			isa = PBXTargetDependency;
			target = B19B7F8A2922E78E0020AAC2 /* AnalyticsClient */;
			targetProxy = B19B7FA72922E78F0020AAC2 /* PBXContainerItemProxy */;
		};
/* End PBXTargetDependency section */

/* Begin XCBuildConfiguration section */
		B19B7FAE2922E78F0020AAC2 /* Debug */ = {
			isa = XCBuildConfiguration;
			buildSettings = {
				ALWAYS_SEARCH_USER_PATHS = NO;
				CLANG_ANALYZER_NONNULL = YES;
				CLANG_ANALYZER_NUMBER_OBJECT_CONVERSION = YES_AGGRESSIVE;
				CLANG_CXX_LANGUAGE_STANDARD = "gnu++20";
				CLANG_ENABLE_MODULES = YES;
				CLANG_ENABLE_OBJC_ARC = YES;
				CLANG_ENABLE_OBJC_WEAK = YES;
				CLANG_WARN_BLOCK_CAPTURE_AUTORELEASING = YES;
				CLANG_WARN_BOOL_CONVERSION = YES;
				CLANG_WARN_COMMA = YES;
				CLANG_WARN_CONSTANT_CONVERSION = YES;
				CLANG_WARN_DEPRECATED_OBJC_IMPLEMENTATIONS = YES;
				CLANG_WARN_DIRECT_OBJC_ISA_USAGE = YES_ERROR;
				CLANG_WARN_DOCUMENTATION_COMMENTS = YES;
				CLANG_WARN_EMPTY_BODY = YES;
				CLANG_WARN_ENUM_CONVERSION = YES;
				CLANG_WARN_INFINITE_RECURSION = YES;
				CLANG_WARN_INT_CONVERSION = YES;
				CLANG_WARN_NON_LITERAL_NULL_CONVERSION = YES;
				CLANG_WARN_OBJC_IMPLICIT_RETAIN_SELF = YES;
				CLANG_WARN_OBJC_LITERAL_CONVERSION = YES;
				CLANG_WARN_OBJC_ROOT_CLASS = YES_ERROR;
				CLANG_WARN_QUOTED_INCLUDE_IN_FRAMEWORK_HEADER = YES;
				CLANG_WARN_RANGE_LOOP_ANALYSIS = YES;
				CLANG_WARN_STRICT_PROTOTYPES = YES;
				CLANG_WARN_SUSPICIOUS_MOVE = YES;
				CLANG_WARN_UNGUARDED_AVAILABILITY = YES_AGGRESSIVE;
				CLANG_WARN_UNREACHABLE_CODE = YES;
				CLANG_WARN__DUPLICATE_METHOD_MATCH = YES;
				COPY_PHASE_STRIP = NO;
				DEBUG_INFORMATION_FORMAT = dwarf;
				ENABLE_STRICT_OBJC_MSGSEND = YES;
				ENABLE_TESTABILITY = YES;
				GCC_C_LANGUAGE_STANDARD = gnu11;
				GCC_DYNAMIC_NO_PIC = NO;
				GCC_NO_COMMON_BLOCKS = YES;
				GCC_OPTIMIZATION_LEVEL = 0;
				GCC_PREPROCESSOR_DEFINITIONS = (
					"DEBUG=1",
					"$(inherited)",
				);
				GCC_WARN_64_TO_32_BIT_CONVERSION = YES;
				GCC_WARN_ABOUT_RETURN_TYPE = YES_ERROR;
				GCC_WARN_UNDECLARED_SELECTOR = YES;
				GCC_WARN_UNINITIALIZED_AUTOS = YES_AGGRESSIVE;
				GCC_WARN_UNUSED_FUNCTION = YES;
				GCC_WARN_UNUSED_VARIABLE = YES;
				MTL_ENABLE_DEBUG_INFO = INCLUDE_SOURCE;
				MTL_FAST_MATH = YES;
				ONLY_ACTIVE_ARCH = YES;
				SWIFT_ACTIVE_COMPILATION_CONDITIONS = DEBUG;
				SWIFT_OPTIMIZATION_LEVEL = "-Onone";
			};
			name = Debug;
		};
		B19B7FAF2922E78F0020AAC2 /* Release */ = {
			isa = XCBuildConfiguration;
			buildSettings = {
				ALWAYS_SEARCH_USER_PATHS = NO;
				CLANG_ANALYZER_NONNULL = YES;
				CLANG_ANALYZER_NUMBER_OBJECT_CONVERSION = YES_AGGRESSIVE;
				CLANG_CXX_LANGUAGE_STANDARD = "gnu++20";
				CLANG_ENABLE_MODULES = YES;
				CLANG_ENABLE_OBJC_ARC = YES;
				CLANG_ENABLE_OBJC_WEAK = YES;
				CLANG_WARN_BLOCK_CAPTURE_AUTORELEASING = YES;
				CLANG_WARN_BOOL_CONVERSION = YES;
				CLANG_WARN_COMMA = YES;
				CLANG_WARN_CONSTANT_CONVERSION = YES;
				CLANG_WARN_DEPRECATED_OBJC_IMPLEMENTATIONS = YES;
				CLANG_WARN_DIRECT_OBJC_ISA_USAGE = YES_ERROR;
				CLANG_WARN_DOCUMENTATION_COMMENTS = YES;
				CLANG_WARN_EMPTY_BODY = YES;
				CLANG_WARN_ENUM_CONVERSION = YES;
				CLANG_WARN_INFINITE_RECURSION = YES;
				CLANG_WARN_INT_CONVERSION = YES;
				CLANG_WARN_NON_LITERAL_NULL_CONVERSION = YES;
				CLANG_WARN_OBJC_IMPLICIT_RETAIN_SELF = YES;
				CLANG_WARN_OBJC_LITERAL_CONVERSION = YES;
				CLANG_WARN_OBJC_ROOT_CLASS = YES_ERROR;
				CLANG_WARN_QUOTED_INCLUDE_IN_FRAMEWORK_HEADER = YES;
				CLANG_WARN_RANGE_LOOP_ANALYSIS = YES;
				CLANG_WARN_STRICT_PROTOTYPES = YES;
				CLANG_WARN_SUSPICIOUS_MOVE = YES;
				CLANG_WARN_UNGUARDED_AVAILABILITY = YES_AGGRESSIVE;
				CLANG_WARN_UNREACHABLE_CODE = YES;
				CLANG_WARN__DUPLICATE_METHOD_MATCH = YES;
				COPY_PHASE_STRIP = NO;
				DEBUG_INFORMATION_FORMAT = "dwarf-with-dsym";
				ENABLE_NS_ASSERTIONS = NO;
				ENABLE_STRICT_OBJC_MSGSEND = YES;
				GCC_C_LANGUAGE_STANDARD = gnu11;
				GCC_NO_COMMON_BLOCKS = YES;
				GCC_WARN_64_TO_32_BIT_CONVERSION = YES;
				GCC_WARN_ABOUT_RETURN_TYPE = YES_ERROR;
				GCC_WARN_UNDECLARED_SELECTOR = YES;
				GCC_WARN_UNINITIALIZED_AUTOS = YES_AGGRESSIVE;
				GCC_WARN_UNUSED_FUNCTION = YES;
				GCC_WARN_UNUSED_VARIABLE = YES;
				MTL_ENABLE_DEBUG_INFO = NO;
				MTL_FAST_MATH = YES;
				SWIFT_COMPILATION_MODE = wholemodule;
				SWIFT_OPTIMIZATION_LEVEL = "-O";
			};
			name = Release;
		};
		B19B7FB12922E78F0020AAC2 /* Debug */ = {
			isa = XCBuildConfiguration;
			buildSettings = {
				ASSETCATALOG_COMPILER_APPICON_NAME = AppIcon;
				ASSETCATALOG_COMPILER_GLOBAL_ACCENT_COLOR_NAME = AccentColor;
				CODE_SIGN_ENTITLEMENTS = AnalyticsClient/AnalyticsClient.entitlements;
				CODE_SIGN_STYLE = Automatic;
				CURRENT_PROJECT_VERSION = 1;
				DEVELOPMENT_ASSET_PATHS = "\"AnalyticsClient/Preview Content\"";
				DEVELOPMENT_TEAM = BC477APS74;
				ENABLE_HARDENED_RUNTIME = YES;
				ENABLE_PREVIEWS = YES;
				GENERATE_INFOPLIST_FILE = YES;
				"INFOPLIST_KEY_UIApplicationSceneManifest_Generation[sdk=iphoneos*]" = YES;
				"INFOPLIST_KEY_UIApplicationSceneManifest_Generation[sdk=iphonesimulator*]" = YES;
				"INFOPLIST_KEY_UIApplicationSupportsIndirectInputEvents[sdk=iphoneos*]" = YES;
				"INFOPLIST_KEY_UIApplicationSupportsIndirectInputEvents[sdk=iphonesimulator*]" = YES;
				"INFOPLIST_KEY_UILaunchScreen_Generation[sdk=iphoneos*]" = YES;
				"INFOPLIST_KEY_UILaunchScreen_Generation[sdk=iphonesimulator*]" = YES;
				"INFOPLIST_KEY_UIStatusBarStyle[sdk=iphoneos*]" = UIStatusBarStyleDefault;
				"INFOPLIST_KEY_UIStatusBarStyle[sdk=iphonesimulator*]" = UIStatusBarStyleDefault;
				INFOPLIST_KEY_UISupportedInterfaceOrientations_iPad = "UIInterfaceOrientationPortrait UIInterfaceOrientationPortraitUpsideDown UIInterfaceOrientationLandscapeLeft UIInterfaceOrientationLandscapeRight";
				INFOPLIST_KEY_UISupportedInterfaceOrientations_iPhone = "UIInterfaceOrientationPortrait UIInterfaceOrientationLandscapeLeft UIInterfaceOrientationLandscapeRight";
				IPHONEOS_DEPLOYMENT_TARGET = 16.1;
				LD_RUNPATH_SEARCH_PATHS = "@executable_path/Frameworks";
				"LD_RUNPATH_SEARCH_PATHS[sdk=macosx*]" = "@executable_path/../Frameworks";
				MACOSX_DEPLOYMENT_TARGET = 13.0;
				MARKETING_VERSION = 1.0;
				PRODUCT_BUNDLE_IDENTIFIER = com.tondin.AnalyticsClient;
				PRODUCT_NAME = "$(TARGET_NAME)";
				SDKROOT = auto;
				SUPPORTED_PLATFORMS = "iphoneos iphonesimulator macosx";
				SWIFT_EMIT_LOC_STRINGS = YES;
				SWIFT_VERSION = 5.0;
				TARGETED_DEVICE_FAMILY = "1,2";
			};
			name = Debug;
		};
		B19B7FB22922E78F0020AAC2 /* Release */ = {
			isa = XCBuildConfiguration;
			buildSettings = {
				ASSETCATALOG_COMPILER_APPICON_NAME = AppIcon;
				ASSETCATALOG_COMPILER_GLOBAL_ACCENT_COLOR_NAME = AccentColor;
				CODE_SIGN_ENTITLEMENTS = AnalyticsClient/AnalyticsClient.entitlements;
				CODE_SIGN_STYLE = Automatic;
				CURRENT_PROJECT_VERSION = 1;
				DEVELOPMENT_ASSET_PATHS = "\"AnalyticsClient/Preview Content\"";
				DEVELOPMENT_TEAM = BC477APS74;
				ENABLE_HARDENED_RUNTIME = YES;
				ENABLE_PREVIEWS = YES;
				GENERATE_INFOPLIST_FILE = YES;
				"INFOPLIST_KEY_UIApplicationSceneManifest_Generation[sdk=iphoneos*]" = YES;
				"INFOPLIST_KEY_UIApplicationSceneManifest_Generation[sdk=iphonesimulator*]" = YES;
				"INFOPLIST_KEY_UIApplicationSupportsIndirectInputEvents[sdk=iphoneos*]" = YES;
				"INFOPLIST_KEY_UIApplicationSupportsIndirectInputEvents[sdk=iphonesimulator*]" = YES;
				"INFOPLIST_KEY_UILaunchScreen_Generation[sdk=iphoneos*]" = YES;
				"INFOPLIST_KEY_UILaunchScreen_Generation[sdk=iphonesimulator*]" = YES;
				"INFOPLIST_KEY_UIStatusBarStyle[sdk=iphoneos*]" = UIStatusBarStyleDefault;
				"INFOPLIST_KEY_UIStatusBarStyle[sdk=iphonesimulator*]" = UIStatusBarStyleDefault;
				INFOPLIST_KEY_UISupportedInterfaceOrientations_iPad = "UIInterfaceOrientationPortrait UIInterfaceOrientationPortraitUpsideDown UIInterfaceOrientationLandscapeLeft UIInterfaceOrientationLandscapeRight";
				INFOPLIST_KEY_UISupportedInterfaceOrientations_iPhone = "UIInterfaceOrientationPortrait UIInterfaceOrientationLandscapeLeft UIInterfaceOrientationLandscapeRight";
				IPHONEOS_DEPLOYMENT_TARGET = 16.1;
				LD_RUNPATH_SEARCH_PATHS = "@executable_path/Frameworks";
				"LD_RUNPATH_SEARCH_PATHS[sdk=macosx*]" = "@executable_path/../Frameworks";
				MACOSX_DEPLOYMENT_TARGET = 13.0;
				MARKETING_VERSION = 1.0;
				PRODUCT_BUNDLE_IDENTIFIER = com.tondin.AnalyticsClient;
				PRODUCT_NAME = "$(TARGET_NAME)";
				SDKROOT = auto;
				SUPPORTED_PLATFORMS = "iphoneos iphonesimulator macosx";
				SWIFT_EMIT_LOC_STRINGS = YES;
				SWIFT_VERSION = 5.0;
				TARGETED_DEVICE_FAMILY = "1,2";
			};
			name = Release;
		};
		B19B7FB42922E78F0020AAC2 /* Debug */ = {
			isa = XCBuildConfiguration;
			buildSettings = {
				ALWAYS_EMBED_SWIFT_STANDARD_LIBRARIES = YES;
				BUNDLE_LOADER = "$(TEST_HOST)";
				CODE_SIGN_STYLE = Automatic;
				CURRENT_PROJECT_VERSION = 1;
				DEVELOPMENT_TEAM = BC477APS74;
				GENERATE_INFOPLIST_FILE = YES;
				IPHONEOS_DEPLOYMENT_TARGET = 16.1;
				MACOSX_DEPLOYMENT_TARGET = 13.0;
				MARKETING_VERSION = 1.0;
				PRODUCT_BUNDLE_IDENTIFIER = com.tondin.AnalyticsClientTests;
				PRODUCT_NAME = "$(TARGET_NAME)";
				SDKROOT = auto;
				SUPPORTED_PLATFORMS = "iphoneos iphonesimulator macosx";
				SWIFT_EMIT_LOC_STRINGS = NO;
				SWIFT_VERSION = 5.0;
				TARGETED_DEVICE_FAMILY = "1,2";
				TEST_HOST = "$(BUILT_PRODUCTS_DIR)/AnalyticsClient.app/$(BUNDLE_EXECUTABLE_FOLDER_PATH)/AnalyticsClient";
			};
			name = Debug;
		};
		B19B7FB52922E78F0020AAC2 /* Release */ = {
			isa = XCBuildConfiguration;
			buildSettings = {
				ALWAYS_EMBED_SWIFT_STANDARD_LIBRARIES = YES;
				BUNDLE_LOADER = "$(TEST_HOST)";
				CODE_SIGN_STYLE = Automatic;
				CURRENT_PROJECT_VERSION = 1;
				DEVELOPMENT_TEAM = BC477APS74;
				GENERATE_INFOPLIST_FILE = YES;
				IPHONEOS_DEPLOYMENT_TARGET = 16.1;
				MACOSX_DEPLOYMENT_TARGET = 13.0;
				MARKETING_VERSION = 1.0;
				PRODUCT_BUNDLE_IDENTIFIER = com.tondin.AnalyticsClientTests;
				PRODUCT_NAME = "$(TARGET_NAME)";
				SDKROOT = auto;
				SUPPORTED_PLATFORMS = "iphoneos iphonesimulator macosx";
				SWIFT_EMIT_LOC_STRINGS = NO;
				SWIFT_VERSION = 5.0;
				TARGETED_DEVICE_FAMILY = "1,2";
				TEST_HOST = "$(BUILT_PRODUCTS_DIR)/AnalyticsClient.app/$(BUNDLE_EXECUTABLE_FOLDER_PATH)/AnalyticsClient";
			};
			name = Release;
		};
		B19B7FB72922E78F0020AAC2 /* Debug */ = {
			isa = XCBuildConfiguration;
			buildSettings = {
				ALWAYS_EMBED_SWIFT_STANDARD_LIBRARIES = YES;
				CODE_SIGN_STYLE = Automatic;
				CURRENT_PROJECT_VERSION = 1;
				DEVELOPMENT_TEAM = BC477APS74;
				GENERATE_INFOPLIST_FILE = YES;
				IPHONEOS_DEPLOYMENT_TARGET = 16.1;
				MACOSX_DEPLOYMENT_TARGET = 13.0;
				MARKETING_VERSION = 1.0;
				PRODUCT_BUNDLE_IDENTIFIER = com.tondin.AnalyticsClientUITests;
				PRODUCT_NAME = "$(TARGET_NAME)";
				SDKROOT = auto;
				SUPPORTED_PLATFORMS = "iphoneos iphonesimulator macosx";
				SWIFT_EMIT_LOC_STRINGS = NO;
				SWIFT_VERSION = 5.0;
				TARGETED_DEVICE_FAMILY = "1,2";
				TEST_TARGET_NAME = AnalyticsClient;
			};
			name = Debug;
		};
		B19B7FB82922E78F0020AAC2 /* Release */ = {
			isa = XCBuildConfiguration;
			buildSettings = {
				ALWAYS_EMBED_SWIFT_STANDARD_LIBRARIES = YES;
				CODE_SIGN_STYLE = Automatic;
				CURRENT_PROJECT_VERSION = 1;
				DEVELOPMENT_TEAM = BC477APS74;
				GENERATE_INFOPLIST_FILE = YES;
				IPHONEOS_DEPLOYMENT_TARGET = 16.1;
				MACOSX_DEPLOYMENT_TARGET = 13.0;
				MARKETING_VERSION = 1.0;
				PRODUCT_BUNDLE_IDENTIFIER = com.tondin.AnalyticsClientUITests;
				PRODUCT_NAME = "$(TARGET_NAME)";
				SDKROOT = auto;
				SUPPORTED_PLATFORMS = "iphoneos iphonesimulator macosx";
				SWIFT_EMIT_LOC_STRINGS = NO;
				SWIFT_VERSION = 5.0;
				TARGETED_DEVICE_FAMILY = "1,2";
				TEST_TARGET_NAME = AnalyticsClient;
			};
			name = Release;
		};
/* End XCBuildConfiguration section */

/* Begin XCConfigurationList section */
		B19B7F862922E78E0020AAC2 /* Build configuration list for PBXProject "AnalyticsClient" */ = {
			isa = XCConfigurationList;
			buildConfigurations = (
				B19B7FAE2922E78F0020AAC2 /* Debug */,
				B19B7FAF2922E78F0020AAC2 /* Release */,
			);
			defaultConfigurationIsVisible = 0;
			defaultConfigurationName = Release;
		};
		B19B7FB02922E78F0020AAC2 /* Build configuration list for PBXNativeTarget "AnalyticsClient" */ = {
			isa = XCConfigurationList;
			buildConfigurations = (
				B19B7FB12922E78F0020AAC2 /* Debug */,
				B19B7FB22922E78F0020AAC2 /* Release */,
			);
			defaultConfigurationIsVisible = 0;
			defaultConfigurationName = Release;
		};
		B19B7FB32922E78F0020AAC2 /* Build configuration list for PBXNativeTarget "AnalyticsClientTests" */ = {
			isa = XCConfigurationList;
			buildConfigurations = (
				B19B7FB42922E78F0020AAC2 /* Debug */,
				B19B7FB52922E78F0020AAC2 /* Release */,
			);
			defaultConfigurationIsVisible = 0;
			defaultConfigurationName = Release;
		};
		B19B7FB62922E78F0020AAC2 /* Build configuration list for PBXNativeTarget "AnalyticsClientUITests" */ = {
			isa = XCConfigurationList;
			buildConfigurations = (
				B19B7FB72922E78F0020AAC2 /* Debug */,
				B19B7FB82922E78F0020AAC2 /* Release */,
			);
			defaultConfigurationIsVisible = 0;
			defaultConfigurationName = Release;
		};
/* End XCConfigurationList section */

/* Begin XCRemoteSwiftPackageReference section */
		B147C1292922F3FE005F22EA /* XCRemoteSwiftPackageReference "swift-composable-architecture" */ = {
			isa = XCRemoteSwiftPackageReference;
			repositoryURL = "https://github.com/pointfreeco/swift-composable-architecture";
			requirement = {
				kind = upToNextMajorVersion;
				minimumVersion = 0.9.0;
			};
		};
/* End XCRemoteSwiftPackageReference section */

/* Begin XCSwiftPackageProductDependency section */
		B147C12A2922F3FE005F22EA /* ComposableArchitecture */ = {
			isa = XCSwiftPackageProductDependency;
			package = B147C1292922F3FE005F22EA /* XCRemoteSwiftPackageReference "swift-composable-architecture" */;
			productName = ComposableArchitecture;
		};
		B147C12C2922F3FE005F22EA /* Dependencies */ = {
			isa = XCSwiftPackageProductDependency;
			package = B147C1292922F3FE005F22EA /* XCRemoteSwiftPackageReference "swift-composable-architecture" */;
			productName = Dependencies;
		};
		B147C12F2922F438005F22EA /* FeatureAnalytics */ = {
			isa = XCSwiftPackageProductDependency;
			productName = FeatureAnalytics;
		};
/* End XCSwiftPackageProductDependency section */
	};
	rootObject = B19B7F832922E78E0020AAC2 /* Project object */;
}
